
Microsoft Visual Studio Solution File, Format Version 12.00
# Visual Studio Version 16
VisualStudioVersion = 16.0.29020.237
MinimumVisualStudioVersion = 15.0.26124.0
Project("{9A19103F-16F7-4668-BE54-9A1E7A4F7556}") = "Transport.Quiche", "Transport.Quiche\Transport.Quiche.csproj", "{F8428D15-EF20-4C67-A774-1B61A89A4E6D}"
EndProject
Project("{FAE04EC0-301F-11D3-BF4B-00C04F79EFBC}") = "Transport.Quiche.Sample", "Transport.Quiche.Sample\Transport.Quiche.Sample.csproj", "{062D2868-F898-4823-9E2D-0CE4B4ECA1FD}"
EndProject
Global
	GlobalSection(SolutionConfigurationPlatforms) = preSolution
		Debug|Any CPU = Debug|Any CPU
		Debug|x64 = Debug|x64
		Debug|x86 = Debug|x86
		Release|Any CPU = Release|Any CPU
		Release|x64 = Release|x64
		Release|x86 = Release|x86
	EndGlobalSection
	GlobalSection(ProjectConfigurationPlatforms) = postSolution
		{F8428D15-EF20-4C67-A774-1B61A89A4E6D}.Debug|Any CPU.ActiveCfg = Debug|Any CPU
		{F8428D15-EF20-4C67-A774-1B61A89A4E6D}.Debug|Any CPU.Build.0 = Debug|Any CPU
		{F8428D15-EF20-4C67-A774-1B61A89A4E6D}.Debug|x64.ActiveCfg = Debug|Any CPU
		{F8428D15-EF20-4C67-A774-1B61A89A4E6D}.Debug|x64.Build.0 = Debug|Any CPU
		{F8428D15-EF20-4C67-A774-1B61A89A4E6D}.Debug|x86.ActiveCfg = Debug|Any CPU
		{F8428D15-EF20-4C67-A774-1B61A89A4E6D}.Debug|x86.Build.0 = Debug|Any CPU
		{F8428D15-EF20-4C67-A774-1B61A89A4E6D}.Release|Any CPU.ActiveCfg = Release|Any CPU
		{F8428D15-EF20-4C67-A774-1B61A89A4E6D}.Release|Any CPU.Build.0 = Release|Any CPU
		{F8428D15-EF20-4C67-A774-1B61A89A4E6D}.Release|x64.ActiveCfg = Release|Any CPU
		{F8428D15-EF20-4C67-A774-1B61A89A4E6D}.Release|x64.Build.0 = Release|Any CPU
		{F8428D15-EF20-4C67-A774-1B61A89A4E6D}.Release|x86.ActiveCfg = Release|Any CPU
		{F8428D15-EF20-4C67-A774-1B61A89A4E6D}.Release|x86.Build.0 = Release|Any CPU
		{062D2868-F898-4823-9E2D-0CE4B4ECA1FD}.Debug|Any CPU.ActiveCfg = Debug|Any CPU
		{062D2868-F898-4823-9E2D-0CE4B4ECA1FD}.Debug|Any CPU.Build.0 = Debug|Any CPU
		{062D2868-F898-4823-9E2D-0CE4B4ECA1FD}.Debug|x64.ActiveCfg = Debug|Any CPU
		{062D2868-F898-4823-9E2D-0CE4B4ECA1FD}.Debug|x64.Build.0 = Debug|Any CPU
		{062D2868-F898-4823-9E2D-0CE4B4ECA1FD}.Debug|x86.ActiveCfg = Debug|Any CPU
		{062D2868-F898-4823-9E2D-0CE4B4ECA1FD}.Debug|x86.Build.0 = Debug|Any CPU
		{062D2868-F898-4823-9E2D-0CE4B4ECA1FD}.Release|Any CPU.ActiveCfg = Release|Any CPU
		{062D2868-F898-4823-9E2D-0CE4B4ECA1FD}.Release|Any CPU.Build.0 = Release|Any CPU
		{062D2868-F898-4823-9E2D-0CE4B4ECA1FD}.Release|x64.ActiveCfg = Release|Any CPU
		{062D2868-F898-4823-9E2D-0CE4B4ECA1FD}.Release|x64.Build.0 = Release|Any CPU
		{062D2868-F898-4823-9E2D-0CE4B4ECA1FD}.Release|x86.ActiveCfg = Release|Any CPU
		{062D2868-F898-4823-9E2D-0CE4B4ECA1FD}.Release|x86.Build.0 = Release|Any CPU
	EndGlobalSection
	GlobalSection(SolutionProperties) = preSolution
		HideSolutionNode = FALSE
	EndGlobalSection
	GlobalSection(ExtensibilityGlobals) = postSolution
		SolutionGuid = {3BCC2BB5-DB7D-4F75-9C61-E4D010F7E908}
	EndGlobalSection
EndGlobal
